
Microsoft Visual Studio Solution File, Format Version 12.00
# Visual Studio 15
VisualStudioVersion = 15.0.28307.271
MinimumVisualStudioVersion = 10.0.40219.1
Project("{FAE04EC0-301F-11D3-BF4B-00C04F79EFBC}") = "Shop.Common", "Shop.Common\Shop.Common.csproj", "{CE6B8C0C-A278-4E23-89A2-2A841209B711}"
EndProject
Project("{2150E333-8FDC-42A3-9474-1A3956D46DE8}") = "Backend", "Backend", "{0D61F069-9CF0-42C9-9776-F95E998A0B2C}"
EndProject
Project("{2150E333-8FDC-42A3-9474-1A3956D46DE8}") = "FrontEnd", "FrontEnd", "{8E6920F4-4534-4C26-B496-FDD8029FEDE3}"
EndProject
Project("{FAE04EC0-301F-11D3-BF4B-00C04F79EFBC}") = "Shop.Web", "Shop.Web\Shop.Web.csproj", "{6124CEC0-7812-4D39-8B38-4EE5FED5812F}"
EndProject
Project("{2150E333-8FDC-42A3-9474-1A3956D46DE8}") = "Forms", "Forms", "{74E9364B-B926-448D-B3E9-2CD33C6EDE25}"
EndProject
Project("{2150E333-8FDC-42A3-9474-1A3956D46DE8}") = "Classic", "Classic", "{D2ED972F-4F8D-497F-A349-1A2A447553BB}"
EndProject
Project("{FAE04EC0-301F-11D3-BF4B-00C04F79EFBC}") = "Shop.UIForms.Android", "Shos.UIForms\Shos.UIForms.Android\Shop.UIForms.Android.csproj", "{C977EBF6-F143-4C0E-8F95-74D26F695228}"
EndProject
Project("{FAE04EC0-301F-11D3-BF4B-00C04F79EFBC}") = "Shop.UIForms.iOS", "Shos.UIForms\Shos.UIForms.iOS\Shop.UIForms.iOS.csproj", "{D341FC43-F502-4098-B829-B63BA299E7C9}"
EndProject
Project("{FAE04EC0-301F-11D3-BF4B-00C04F79EFBC}") = "Shop.UIForms", "Shos.UIForms\Shos.UIForms\Shop.UIForms.csproj", "{0AD2B6A6-2C48-4D16-AD98-9EE991856ED3}"
EndProject
Project("{FAE04EC0-301F-11D3-BF4B-00C04F79EFBC}") = "Shop.UIClassic", "Shop.UIClassic\Shop.UIClassic.csproj", "{262130E4-C023-4245-91D7-F17911D777E8}"
EndProject
Project("{FAE04EC0-301F-11D3-BF4B-00C04F79EFBC}") = "Shop.UICLassic.Android", "Shop.UICLassic.Android\Shop.UICLassic.Android.csproj", "{0BD22C47-A9E3-49D1-8595-66BB4FE2F246}"
EndProject
Project("{FAE04EC0-301F-11D3-BF4B-00C04F79EFBC}") = "Shop.UIClassic.iOS", "Shop.UIClassic.iOS\Shop.UIClassic.iOS.csproj", "{80A96B52-6758-4BDB-B0B4-CEA4CA155C60}"
EndProject
Global
	GlobalSection(SolutionConfigurationPlatforms) = preSolution
		Ad-Hoc|Any CPU = Ad-Hoc|Any CPU
		Ad-Hoc|iPhone = Ad-Hoc|iPhone
		Ad-Hoc|iPhoneSimulator = Ad-Hoc|iPhoneSimulator
		AppStore|Any CPU = AppStore|Any CPU
		AppStore|iPhone = AppStore|iPhone
		AppStore|iPhoneSimulator = AppStore|iPhoneSimulator
		Debug|Any CPU = Debug|Any CPU
		Debug|iPhone = Debug|iPhone
		Debug|iPhoneSimulator = Debug|iPhoneSimulator
		Release|Any CPU = Release|Any CPU
		Release|iPhone = Release|iPhone
		Release|iPhoneSimulator = Release|iPhoneSimulator
	EndGlobalSection
	GlobalSection(ProjectConfigurationPlatforms) = postSolution
		{CE6B8C0C-A278-4E23-89A2-2A841209B711}.Ad-Hoc|Any CPU.ActiveCfg = Debug|Any CPU
		{CE6B8C0C-A278-4E23-89A2-2A841209B711}.Ad-Hoc|Any CPU.Build.0 = Debug|Any CPU
		{CE6B8C0C-A278-4E23-89A2-2A841209B711}.Ad-Hoc|iPhone.ActiveCfg = Debug|Any CPU
		{CE6B8C0C-A278-4E23-89A2-2A841209B711}.Ad-Hoc|iPhone.Build.0 = Debug|Any CPU
		{CE6B8C0C-A278-4E23-89A2-2A841209B711}.Ad-Hoc|iPhoneSimulator.ActiveCfg = Debug|Any CPU
		{CE6B8C0C-A278-4E23-89A2-2A841209B711}.Ad-Hoc|iPhoneSimulator.Build.0 = Debug|Any CPU
		{CE6B8C0C-A278-4E23-89A2-2A841209B711}.AppStore|Any CPU.ActiveCfg = Debug|Any CPU
		{CE6B8C0C-A278-4E23-89A2-2A841209B711}.AppStore|Any CPU.Build.0 = Debug|Any CPU
		{CE6B8C0C-A278-4E23-89A2-2A841209B711}.AppStore|iPhone.ActiveCfg = Debug|Any CPU
		{CE6B8C0C-A278-4E23-89A2-2A841209B711}.AppStore|iPhone.Build.0 = Debug|Any CPU
		{CE6B8C0C-A278-4E23-89A2-2A841209B711}.AppStore|iPhoneSimulator.ActiveCfg = Debug|Any CPU
		{CE6B8C0C-A278-4E23-89A2-2A841209B711}.AppStore|iPhoneSimulator.Build.0 = Debug|Any CPU
		{CE6B8C0C-A278-4E23-89A2-2A841209B711}.Debug|Any CPU.ActiveCfg = Debug|Any CPU
		{CE6B8C0C-A278-4E23-89A2-2A841209B711}.Debug|Any CPU.Build.0 = Debug|Any CPU
		{CE6B8C0C-A278-4E23-89A2-2A841209B711}.Debug|iPhone.ActiveCfg = Debug|Any CPU
		{CE6B8C0C-A278-4E23-89A2-2A841209B711}.Debug|iPhone.Build.0 = Debug|Any CPU
		{CE6B8C0C-A278-4E23-89A2-2A841209B711}.Debug|iPhoneSimulator.ActiveCfg = Debug|Any CPU
		{CE6B8C0C-A278-4E23-89A2-2A841209B711}.Debug|iPhoneSimulator.Build.0 = Debug|Any CPU
		{CE6B8C0C-A278-4E23-89A2-2A841209B711}.Release|Any CPU.ActiveCfg = Release|Any CPU
		{CE6B8C0C-A278-4E23-89A2-2A841209B711}.Release|Any CPU.Build.0 = Release|Any CPU
		{CE6B8C0C-A278-4E23-89A2-2A841209B711}.Release|iPhone.ActiveCfg = Release|Any CPU
		{CE6B8C0C-A278-4E23-89A2-2A841209B711}.Release|iPhone.Build.0 = Release|Any CPU
		{CE6B8C0C-A278-4E23-89A2-2A841209B711}.Release|iPhoneSimulator.ActiveCfg = Release|Any CPU
		{CE6B8C0C-A278-4E23-89A2-2A841209B711}.Release|iPhoneSimulator.Build.0 = Release|Any CPU
		{6124CEC0-7812-4D39-8B38-4EE5FED5812F}.Ad-Hoc|Any CPU.ActiveCfg = Debug|Any CPU
		{6124CEC0-7812-4D39-8B38-4EE5FED5812F}.Ad-Hoc|Any CPU.Build.0 = Debug|Any CPU
		{6124CEC0-7812-4D39-8B38-4EE5FED5812F}.Ad-Hoc|iPhone.ActiveCfg = Debug|Any CPU
		{6124CEC0-7812-4D39-8B38-4EE5FED5812F}.Ad-Hoc|iPhone.Build.0 = Debug|Any CPU
		{6124CEC0-7812-4D39-8B38-4EE5FED5812F}.Ad-Hoc|iPhoneSimulator.ActiveCfg = Debug|Any CPU
		{6124CEC0-7812-4D39-8B38-4EE5FED5812F}.Ad-Hoc|iPhoneSimulator.Build.0 = Debug|Any CPU
		{6124CEC0-7812-4D39-8B38-4EE5FED5812F}.AppStore|Any CPU.ActiveCfg = Debug|Any CPU
		{6124CEC0-7812-4D39-8B38-4EE5FED5812F}.AppStore|Any CPU.Build.0 = Debug|Any CPU
		{6124CEC0-7812-4D39-8B38-4EE5FED5812F}.AppStore|iPhone.ActiveCfg = Debug|Any CPU
		{6124CEC0-7812-4D39-8B38-4EE5FED5812F}.AppStore|iPhone.Build.0 = Debug|Any CPU
		{6124CEC0-7812-4D39-8B38-4EE5FED5812F}.AppStore|iPhoneSimulator.ActiveCfg = Debug|Any CPU
		{6124CEC0-7812-4D39-8B38-4EE5FED5812F}.AppStore|iPhoneSimulator.Build.0 = Debug|Any CPU
		{6124CEC0-7812-4D39-8B38-4EE5FED5812F}.Debug|Any CPU.ActiveCfg = Debug|Any CPU
		{6124CEC0-7812-4D39-8B38-4EE5FED5812F}.Debug|Any CPU.Build.0 = Debug|Any CPU
		{6124CEC0-7812-4D39-8B38-4EE5FED5812F}.Debug|iPhone.ActiveCfg = Debug|Any CPU
		{6124CEC0-7812-4D39-8B38-4EE5FED5812F}.Debug|iPhone.Build.0 = Debug|Any CPU
		{6124CEC0-7812-4D39-8B38-4EE5FED5812F}.Debug|iPhoneSimulator.ActiveCfg = Debug|Any CPU
		{6124CEC0-7812-4D39-8B38-4EE5FED5812F}.Debug|iPhoneSimulator.Build.0 = Debug|Any CPU
		{6124CEC0-7812-4D39-8B38-4EE5FED5812F}.Release|Any CPU.ActiveCfg = Release|Any CPU
		{6124CEC0-7812-4D39-8B38-4EE5FED5812F}.Release|Any CPU.Build.0 = Release|Any CPU
		{6124CEC0-7812-4D39-8B38-4EE5FED5812F}.Release|iPhone.ActiveCfg = Release|Any CPU
		{6124CEC0-7812-4D39-8B38-4EE5FED5812F}.Release|iPhone.Build.0 = Release|Any CPU
		{6124CEC0-7812-4D39-8B38-4EE5FED5812F}.Release|iPhoneSimulator.ActiveCfg = Release|Any CPU
		{6124CEC0-7812-4D39-8B38-4EE5FED5812F}.Release|iPhoneSimulator.Build.0 = Release|Any CPU
		{C977EBF6-F143-4C0E-8F95-74D26F695228}.Ad-Hoc|Any CPU.ActiveCfg = Release|Any CPU
		{C977EBF6-F143-4C0E-8F95-74D26F695228}.Ad-Hoc|Any CPU.Build.0 = Release|Any CPU
		{C977EBF6-F143-4C0E-8F95-74D26F695228}.Ad-Hoc|Any CPU.Deploy.0 = Release|Any CPU
		{C977EBF6-F143-4C0E-8F95-74D26F695228}.Ad-Hoc|iPhone.ActiveCfg = Release|Any CPU
		{C977EBF6-F143-4C0E-8F95-74D26F695228}.Ad-Hoc|iPhone.Build.0 = Release|Any CPU
		{C977EBF6-F143-4C0E-8F95-74D26F695228}.Ad-Hoc|iPhone.Deploy.0 = Release|Any CPU
		{C977EBF6-F143-4C0E-8F95-74D26F695228}.Ad-Hoc|iPhoneSimulator.ActiveCfg = Release|Any CPU
		{C977EBF6-F143-4C0E-8F95-74D26F695228}.Ad-Hoc|iPhoneSimulator.Build.0 = Release|Any CPU
		{C977EBF6-F143-4C0E-8F95-74D26F695228}.Ad-Hoc|iPhoneSimulator.Deploy.0 = Release|Any CPU
		{C977EBF6-F143-4C0E-8F95-74D26F695228}.AppStore|Any CPU.ActiveCfg = Release|Any CPU
		{C977EBF6-F143-4C0E-8F95-74D26F695228}.AppStore|Any CPU.Build.0 = Release|Any CPU
		{C977EBF6-F143-4C0E-8F95-74D26F695228}.AppStore|Any CPU.Deploy.0 = Release|Any CPU
		{C977EBF6-F143-4C0E-8F95-74D26F695228}.AppStore|iPhone.ActiveCfg = Release|Any CPU
		{C977EBF6-F143-4C0E-8F95-74D26F695228}.AppStore|iPhone.Build.0 = Release|Any CPU
		{C977EBF6-F143-4C0E-8F95-74D26F695228}.AppStore|iPhone.Deploy.0 = Release|Any CPU
		{C977EBF6-F143-4C0E-8F95-74D26F695228}.AppStore|iPhoneSimulator.ActiveCfg = Release|Any CPU
		{C977EBF6-F143-4C0E-8F95-74D26F695228}.AppStore|iPhoneSimulator.Build.0 = Release|Any CPU
		{C977EBF6-F143-4C0E-8F95-74D26F695228}.AppStore|iPhoneSimulator.Deploy.0 = Release|Any CPU
		{C977EBF6-F143-4C0E-8F95-74D26F695228}.Debug|Any CPU.ActiveCfg = Debug|Any CPU
		{C977EBF6-F143-4C0E-8F95-74D26F695228}.Debug|Any CPU.Build.0 = Debug|Any CPU
		{C977EBF6-F143-4C0E-8F95-74D26F695228}.Debug|Any CPU.Deploy.0 = Debug|Any CPU
		{C977EBF6-F143-4C0E-8F95-74D26F695228}.Debug|iPhone.ActiveCfg = Debug|Any CPU
		{C977EBF6-F143-4C0E-8F95-74D26F695228}.Debug|iPhone.Build.0 = Debug|Any CPU
		{C977EBF6-F143-4C0E-8F95-74D26F695228}.Debug|iPhone.Deploy.0 = Debug|Any CPU
		{C977EBF6-F143-4C0E-8F95-74D26F695228}.Debug|iPhoneSimulator.ActiveCfg = Debug|Any CPU
		{C977EBF6-F143-4C0E-8F95-74D26F695228}.Debug|iPhoneSimulator.Build.0 = Debug|Any CPU
		{C977EBF6-F143-4C0E-8F95-74D26F695228}.Debug|iPhoneSimulator.Deploy.0 = Debug|Any CPU
		{C977EBF6-F143-4C0E-8F95-74D26F695228}.Release|Any CPU.ActiveCfg = Release|Any CPU
		{C977EBF6-F143-4C0E-8F95-74D26F695228}.Release|Any CPU.Build.0 = Release|Any CPU
		{C977EBF6-F143-4C0E-8F95-74D26F695228}.Release|Any CPU.Deploy.0 = Release|Any CPU
		{C977EBF6-F143-4C0E-8F95-74D26F695228}.Release|iPhone.ActiveCfg = Release|Any CPU
		{C977EBF6-F143-4C0E-8F95-74D26F695228}.Release|iPhone.Build.0 = Release|Any CPU
		{C977EBF6-F143-4C0E-8F95-74D26F695228}.Release|iPhone.Deploy.0 = Release|Any CPU
		{C977EBF6-F143-4C0E-8F95-74D26F695228}.Release|iPhoneSimulator.ActiveCfg = Release|Any CPU
		{C977EBF6-F143-4C0E-8F95-74D26F695228}.Release|iPhoneSimulator.Build.0 = Release|Any CPU
		{C977EBF6-F143-4C0E-8F95-74D26F695228}.Release|iPhoneSimulator.Deploy.0 = Release|Any CPU
		{D341FC43-F502-4098-B829-B63BA299E7C9}.Ad-Hoc|Any CPU.ActiveCfg = Ad-Hoc|iPhone
		{D341FC43-F502-4098-B829-B63BA299E7C9}.Ad-Hoc|iPhone.ActiveCfg = Ad-Hoc|iPhone
		{D341FC43-F502-4098-B829-B63BA299E7C9}.Ad-Hoc|iPhone.Build.0 = Ad-Hoc|iPhone
		{D341FC43-F502-4098-B829-B63BA299E7C9}.Ad-Hoc|iPhoneSimulator.ActiveCfg = Ad-Hoc|iPhoneSimulator
		{D341FC43-F502-4098-B829-B63BA299E7C9}.Ad-Hoc|iPhoneSimulator.Build.0 = Ad-Hoc|iPhoneSimulator
		{D341FC43-F502-4098-B829-B63BA299E7C9}.AppStore|Any CPU.ActiveCfg = AppStore|iPhone
		{D341FC43-F502-4098-B829-B63BA299E7C9}.AppStore|iPhone.ActiveCfg = AppStore|iPhone
		{D341FC43-F502-4098-B829-B63BA299E7C9}.AppStore|iPhone.Build.0 = AppStore|iPhone
		{D341FC43-F502-4098-B829-B63BA299E7C9}.AppStore|iPhoneSimulator.ActiveCfg = AppStore|iPhoneSimulator
		{D341FC43-F502-4098-B829-B63BA299E7C9}.AppStore|iPhoneSimulator.Build.0 = AppStore|iPhoneSimulator
		{D341FC43-F502-4098-B829-B63BA299E7C9}.Debug|Any CPU.ActiveCfg = Debug|iPhone
		{D341FC43-F502-4098-B829-B63BA299E7C9}.Debug|iPhone.ActiveCfg = Debug|iPhone
		{D341FC43-F502-4098-B829-B63BA299E7C9}.Debug|iPhone.Build.0 = Debug|iPhone
		{D341FC43-F502-4098-B829-B63BA299E7C9}.Debug|iPhoneSimulator.ActiveCfg = Debug|iPhoneSimulator
		{D341FC43-F502-4098-B829-B63BA299E7C9}.Debug|iPhoneSimulator.Build.0 = Debug|iPhoneSimulator
		{D341FC43-F502-4098-B829-B63BA299E7C9}.Release|Any CPU.ActiveCfg = Release|iPhone
		{D341FC43-F502-4098-B829-B63BA299E7C9}.Release|iPhone.ActiveCfg = Release|iPhone
		{D341FC43-F502-4098-B829-B63BA299E7C9}.Release|iPhone.Build.0 = Release|iPhone
		{D341FC43-F502-4098-B829-B63BA299E7C9}.Release|iPhoneSimulator.ActiveCfg = Release|iPhoneSimulator
		{D341FC43-F502-4098-B829-B63BA299E7C9}.Release|iPhoneSimulator.Build.0 = Release|iPhoneSimulator
		{0AD2B6A6-2C48-4D16-AD98-9EE991856ED3}.Ad-Hoc|Any CPU.ActiveCfg = Debug|Any CPU
		{0AD2B6A6-2C48-4D16-AD98-9EE991856ED3}.Ad-Hoc|Any CPU.Build.0 = Debug|Any CPU
		{0AD2B6A6-2C48-4D16-AD98-9EE991856ED3}.Ad-Hoc|iPhone.ActiveCfg = Debug|Any CPU
		{0AD2B6A6-2C48-4D16-AD98-9EE991856ED3}.Ad-Hoc|iPhone.Build.0 = Debug|Any CPU
		{0AD2B6A6-2C48-4D16-AD98-9EE991856ED3}.Ad-Hoc|iPhoneSimulator.ActiveCfg = Debug|Any CPU
		{0AD2B6A6-2C48-4D16-AD98-9EE991856ED3}.Ad-Hoc|iPhoneSimulator.Build.0 = Debug|Any CPU
		{0AD2B6A6-2C48-4D16-AD98-9EE991856ED3}.AppStore|Any CPU.ActiveCfg = Debug|Any CPU
		{0AD2B6A6-2C48-4D16-AD98-9EE991856ED3}.AppStore|Any CPU.Build.0 = Debug|Any CPU
		{0AD2B6A6-2C48-4D16-AD98-9EE991856ED3}.AppStore|iPhone.ActiveCfg = Debug|Any CPU
		{0AD2B6A6-2C48-4D16-AD98-9EE991856ED3}.AppStore|iPhone.Build.0 = Debug|Any CPU
		{0AD2B6A6-2C48-4D16-AD98-9EE991856ED3}.AppStore|iPhoneSimulator.ActiveCfg = Debug|Any CPU
		{0AD2B6A6-2C48-4D16-AD98-9EE991856ED3}.AppStore|iPhoneSimulator.Build.0 = Debug|Any CPU
		{0AD2B6A6-2C48-4D16-AD98-9EE991856ED3}.Debug|Any CPU.ActiveCfg = Debug|Any CPU
		{0AD2B6A6-2C48-4D16-AD98-9EE991856ED3}.Debug|Any CPU.Build.0 = Debug|Any CPU
		{0AD2B6A6-2C48-4D16-AD98-9EE991856ED3}.Debug|iPhone.ActiveCfg = Debug|Any CPU
		{0AD2B6A6-2C48-4D16-AD98-9EE991856ED3}.Debug|iPhone.Build.0 = Debug|Any CPU
		{0AD2B6A6-2C48-4D16-AD98-9EE991856ED3}.Debug|iPhoneSimulator.ActiveCfg = Debug|Any CPU
		{0AD2B6A6-2C48-4D16-AD98-9EE991856ED3}.Debug|iPhoneSimulator.Build.0 = Debug|Any CPU
		{0AD2B6A6-2C48-4D16-AD98-9EE991856ED3}.Release|Any CPU.ActiveCfg = Release|Any CPU
		{0AD2B6A6-2C48-4D16-AD98-9EE991856ED3}.Release|Any CPU.Build.0 = Release|Any CPU
		{0AD2B6A6-2C48-4D16-AD98-9EE991856ED3}.Release|iPhone.ActiveCfg = Release|Any CPU
		{0AD2B6A6-2C48-4D16-AD98-9EE991856ED3}.Release|iPhone.Build.0 = Release|Any CPU
		{0AD2B6A6-2C48-4D16-AD98-9EE991856ED3}.Release|iPhoneSimulator.ActiveCfg = Release|Any CPU
		{0AD2B6A6-2C48-4D16-AD98-9EE991856ED3}.Release|iPhoneSimulator.Build.0 = Release|Any CPU
		{262130E4-C023-4245-91D7-F17911D777E8}.Ad-Hoc|Any CPU.ActiveCfg = Debug|Any CPU
		{262130E4-C023-4245-91D7-F17911D777E8}.Ad-Hoc|Any CPU.Build.0 = Debug|Any CPU
		{262130E4-C023-4245-91D7-F17911D777E8}.Ad-Hoc|iPhone.ActiveCfg = Debug|Any CPU
		{262130E4-C023-4245-91D7-F17911D777E8}.Ad-Hoc|iPhone.Build.0 = Debug|Any CPU
		{262130E4-C023-4245-91D7-F17911D777E8}.Ad-Hoc|iPhoneSimulator.ActiveCfg = Debug|Any CPU
		{262130E4-C023-4245-91D7-F17911D777E8}.Ad-Hoc|iPhoneSimulator.Build.0 = Debug|Any CPU
		{262130E4-C023-4245-91D7-F17911D777E8}.AppStore|Any CPU.ActiveCfg = Debug|Any CPU
		{262130E4-C023-4245-91D7-F17911D777E8}.AppStore|Any CPU.Build.0 = Debug|Any CPU
		{262130E4-C023-4245-91D7-F17911D777E8}.AppStore|iPhone.ActiveCfg = Debug|Any CPU
		{262130E4-C023-4245-91D7-F17911D777E8}.AppStore|iPhone.Build.0 = Debug|Any CPU
		{262130E4-C023-4245-91D7-F17911D777E8}.AppStore|iPhoneSimulator.ActiveCfg = Debug|Any CPU
		{262130E4-C023-4245-91D7-F17911D777E8}.AppStore|iPhoneSimulator.Build.0 = Debug|Any CPU
		{262130E4-C023-4245-91D7-F17911D777E8}.Debug|Any CPU.ActiveCfg = Debug|Any CPU
		{262130E4-C023-4245-91D7-F17911D777E8}.Debug|Any CPU.Build.0 = Debug|Any CPU
		{262130E4-C023-4245-91D7-F17911D777E8}.Debug|iPhone.ActiveCfg = Debug|Any CPU
		{262130E4-C023-4245-91D7-F17911D777E8}.Debug|iPhone.Build.0 = Debug|Any CPU
		{262130E4-C023-4245-91D7-F17911D777E8}.Debug|iPhoneSimulator.ActiveCfg = Debug|Any CPU
		{262130E4-C023-4245-91D7-F17911D777E8}.Debug|iPhoneSimulator.Build.0 = Debug|Any CPU
		{262130E4-C023-4245-91D7-F17911D777E8}.Release|Any CPU.ActiveCfg = Release|Any CPU
		{262130E4-C023-4245-91D7-F17911D777E8}.Release|Any CPU.Build.0 = Release|Any CPU
		{262130E4-C023-4245-91D7-F17911D777E8}.Release|iPhone.ActiveCfg = Release|Any CPU
		{262130E4-C023-4245-91D7-F17911D777E8}.Release|iPhone.Build.0 = Release|Any CPU
		{262130E4-C023-4245-91D7-F17911D777E8}.Release|iPhoneSimulator.ActiveCfg = Release|Any CPU
		{262130E4-C023-4245-91D7-F17911D777E8}.Release|iPhoneSimulator.Build.0 = Release|Any CPU
		{0BD22C47-A9E3-49D1-8595-66BB4FE2F246}.Ad-Hoc|Any CPU.ActiveCfg = Release|Any CPU
		{0BD22C47-A9E3-49D1-8595-66BB4FE2F246}.Ad-Hoc|Any CPU.Build.0 = Release|Any CPU
		{0BD22C47-A9E3-49D1-8595-66BB4FE2F246}.Ad-Hoc|Any CPU.Deploy.0 = Release|Any CPU
		{0BD22C47-A9E3-49D1-8595-66BB4FE2F246}.Ad-Hoc|iPhone.ActiveCfg = Release|Any CPU
		{0BD22C47-A9E3-49D1-8595-66BB4FE2F246}.Ad-Hoc|iPhone.Build.0 = Release|Any CPU
		{0BD22C47-A9E3-49D1-8595-66BB4FE2F246}.Ad-Hoc|iPhone.Deploy.0 = Release|Any CPU
		{0BD22C47-A9E3-49D1-8595-66BB4FE2F246}.Ad-Hoc|iPhoneSimulator.ActiveCfg = Release|Any CPU
		{0BD22C47-A9E3-49D1-8595-66BB4FE2F246}.Ad-Hoc|iPhoneSimulator.Build.0 = Release|Any CPU
		{0BD22C47-A9E3-49D1-8595-66BB4FE2F246}.Ad-Hoc|iPhoneSimulator.Deploy.0 = Release|Any CPU
		{0BD22C47-A9E3-49D1-8595-66BB4FE2F246}.AppStore|Any CPU.ActiveCfg = Release|Any CPU
		{0BD22C47-A9E3-49D1-8595-66BB4FE2F246}.AppStore|Any CPU.Build.0 = Release|Any CPU
		{0BD22C47-A9E3-49D1-8595-66BB4FE2F246}.AppStore|Any CPU.Deploy.0 = Release|Any CPU
		{0BD22C47-A9E3-49D1-8595-66BB4FE2F246}.AppStore|iPhone.ActiveCfg = Release|Any CPU
		{0BD22C47-A9E3-49D1-8595-66BB4FE2F246}.AppStore|iPhone.Build.0 = Release|Any CPU
		{0BD22C47-A9E3-49D1-8595-66BB4FE2F246}.AppStore|iPhone.Deploy.0 = Release|Any CPU
		{0BD22C47-A9E3-49D1-8595-66BB4FE2F246}.AppStore|iPhoneSimulator.ActiveCfg = Release|Any CPU
		{0BD22C47-A9E3-49D1-8595-66BB4FE2F246}.AppStore|iPhoneSimulator.Build.0 = Release|Any CPU
		{0BD22C47-A9E3-49D1-8595-66BB4FE2F246}.AppStore|iPhoneSimulator.Deploy.0 = Release|Any CPU
		{0BD22C47-A9E3-49D1-8595-66BB4FE2F246}.Debug|Any CPU.ActiveCfg = Debug|Any CPU
		{0BD22C47-A9E3-49D1-8595-66BB4FE2F246}.Debug|Any CPU.Build.0 = Debug|Any CPU
		{0BD22C47-A9E3-49D1-8595-66BB4FE2F246}.Debug|Any CPU.Deploy.0 = Debug|Any CPU
		{0BD22C47-A9E3-49D1-8595-66BB4FE2F246}.Debug|iPhone.ActiveCfg = Debug|Any CPU
		{0BD22C47-A9E3-49D1-8595-66BB4FE2F246}.Debug|iPhone.Build.0 = Debug|Any CPU
		{0BD22C47-A9E3-49D1-8595-66BB4FE2F246}.Debug|iPhone.Deploy.0 = Debug|Any CPU
		{0BD22C47-A9E3-49D1-8595-66BB4FE2F246}.Debug|iPhoneSimulator.ActiveCfg = Debug|Any CPU
		{0BD22C47-A9E3-49D1-8595-66BB4FE2F246}.Debug|iPhoneSimulator.Build.0 = Debug|Any CPU
		{0BD22C47-A9E3-49D1-8595-66BB4FE2F246}.Debug|iPhoneSimulator.Deploy.0 = Debug|Any CPU
		{0BD22C47-A9E3-49D1-8595-66BB4FE2F246}.Release|Any CPU.ActiveCfg = Release|Any CPU
		{0BD22C47-A9E3-49D1-8595-66BB4FE2F246}.Release|Any CPU.Build.0 = Release|Any CPU
		{0BD22C47-A9E3-49D1-8595-66BB4FE2F246}.Release|Any CPU.Deploy.0 = Release|Any CPU
		{0BD22C47-A9E3-49D1-8595-66BB4FE2F246}.Release|iPhone.ActiveCfg = Release|Any CPU
		{0BD22C47-A9E3-49D1-8595-66BB4FE2F246}.Release|iPhone.Build.0 = Release|Any CPU
		{0BD22C47-A9E3-49D1-8595-66BB4FE2F246}.Release|iPhone.Deploy.0 = Release|Any CPU
		{0BD22C47-A9E3-49D1-8595-66BB4FE2F246}.Release|iPhoneSimulator.ActiveCfg = Release|Any CPU
		{0BD22C47-A9E3-49D1-8595-66BB4FE2F246}.Release|iPhoneSimulator.Build.0 = Release|Any CPU
		{0BD22C47-A9E3-49D1-8595-66BB4FE2F246}.Release|iPhoneSimulator.Deploy.0 = Release|Any CPU
		{80A96B52-6758-4BDB-B0B4-CEA4CA155C60}.Ad-Hoc|Any CPU.ActiveCfg = Release|iPhone
		{80A96B52-6758-4BDB-B0B4-CEA4CA155C60}.Ad-Hoc|Any CPU.Build.0 = Release|iPhone
		{80A96B52-6758-4BDB-B0B4-CEA4CA155C60}.Ad-Hoc|iPhone.ActiveCfg = Release|iPhone
		{80A96B52-6758-4BDB-B0B4-CEA4CA155C60}.Ad-Hoc|iPhone.Build.0 = Release|iPhone
		{80A96B52-6758-4BDB-B0B4-CEA4CA155C60}.Ad-Hoc|iPhoneSimulator.ActiveCfg = Release|iPhoneSimulator
		{80A96B52-6758-4BDB-B0B4-CEA4CA155C60}.Ad-Hoc|iPhoneSimulator.Build.0 = Release|iPhoneSimulator
		{80A96B52-6758-4BDB-B0B4-CEA4CA155C60}.AppStore|Any CPU.ActiveCfg = Release|iPhone
		{80A96B52-6758-4BDB-B0B4-CEA4CA155C60}.AppStore|Any CPU.Build.0 = Release|iPhone
		{80A96B52-6758-4BDB-B0B4-CEA4CA155C60}.AppStore|iPhone.ActiveCfg = Release|iPhone
		{80A96B52-6758-4BDB-B0B4-CEA4CA155C60}.AppStore|iPhone.Build.0 = Release|iPhone
		{80A96B52-6758-4BDB-B0B4-CEA4CA155C60}.AppStore|iPhoneSimulator.ActiveCfg = Release|iPhoneSimulator
		{80A96B52-6758-4BDB-B0B4-CEA4CA155C60}.AppStore|iPhoneSimulator.Build.0 = Release|iPhoneSimulator
		{80A96B52-6758-4BDB-B0B4-CEA4CA155C60}.Debug|Any CPU.ActiveCfg = Debug|iPhone
		{80A96B52-6758-4BDB-B0B4-CEA4CA155C60}.Debug|iPhone.ActiveCfg = Debug|iPhone
		{80A96B52-6758-4BDB-B0B4-CEA4CA155C60}.Debug|iPhone.Build.0 = Debug|iPhone
		{80A96B52-6758-4BDB-B0B4-CEA4CA155C60}.Debug|iPhoneSimulator.ActiveCfg = Debug|iPhoneSimulator
		{80A96B52-6758-4BDB-B0B4-CEA4CA155C60}.Debug|iPhoneSimulator.Build.0 = Debug|iPhoneSimulator
		{80A96B52-6758-4BDB-B0B4-CEA4CA155C60}.Release|Any CPU.ActiveCfg = Release|iPhone
		{80A96B52-6758-4BDB-B0B4-CEA4CA155C60}.Release|iPhone.ActiveCfg = Release|iPhone
		{80A96B52-6758-4BDB-B0B4-CEA4CA155C60}.Release|iPhone.Build.0 = Release|iPhone
		{80A96B52-6758-4BDB-B0B4-CEA4CA155C60}.Release|iPhoneSimulator.ActiveCfg = Release|iPhoneSimulator
		{80A96B52-6758-4BDB-B0B4-CEA4CA155C60}.Release|iPhoneSimulator.Build.0 = Release|iPhoneSimulator
	EndGlobalSection
	GlobalSection(SolutionProperties) = preSolution
		HideSolutionNode = FALSE
	EndGlobalSection
	GlobalSection(NestedProjects) = preSolution
		{6124CEC0-7812-4D39-8B38-4EE5FED5812F} = {0D61F069-9CF0-42C9-9776-F95E998A0B2C}
		{74E9364B-B926-448D-B3E9-2CD33C6EDE25} = {8E6920F4-4534-4C26-B496-FDD8029FEDE3}
		{D2ED972F-4F8D-497F-A349-1A2A447553BB} = {8E6920F4-4534-4C26-B496-FDD8029FEDE3}
		{C977EBF6-F143-4C0E-8F95-74D26F695228} = {74E9364B-B926-448D-B3E9-2CD33C6EDE25}
		{D341FC43-F502-4098-B829-B63BA299E7C9} = {74E9364B-B926-448D-B3E9-2CD33C6EDE25}
		{0AD2B6A6-2C48-4D16-AD98-9EE991856ED3} = {74E9364B-B926-448D-B3E9-2CD33C6EDE25}
		{262130E4-C023-4245-91D7-F17911D777E8} = {D2ED972F-4F8D-497F-A349-1A2A447553BB}
		{0BD22C47-A9E3-49D1-8595-66BB4FE2F246} = {D2ED972F-4F8D-497F-A349-1A2A447553BB}
		{80A96B52-6758-4BDB-B0B4-CEA4CA155C60} = {D2ED972F-4F8D-497F-A349-1A2A447553BB}
	EndGlobalSection
	GlobalSection(ExtensibilityGlobals) = postSolution
		SolutionGuid = {4B86DC01-4D62-4722-B1ED-3C367DF8616B}
	EndGlobalSection
EndGlobal
